// !$*UTF8*$!
{
	archiveVersion = 1;
	classes = {
	};
	objectVersion = 50;
	objects = {

/* Begin PBXBuildFile section */
		3D5A3CBE260122F000691C4B /* AppCoordinator.swift in Sources */ = {isa = PBXBuildFile; fileRef = 3D5A3CBD260122F000691C4B /* AppCoordinator.swift */; };
		3D5A3CC22601255900691C4B /* FirstLaunchService.swift in Sources */ = {isa = PBXBuildFile; fileRef = 3D5A3CC12601255900691C4B /* FirstLaunchService.swift */; };
		3D5A3CC92601297700691C4B /* Main.storyboard in Resources */ = {isa = PBXBuildFile; fileRef = 3D5A3CC82601297700691C4B /* Main.storyboard */; };
		3D5A3CD026012F6300691C4B /* MainVC.swift in Sources */ = {isa = PBXBuildFile; fileRef = 3D5A3CCF26012F6300691C4B /* MainVC.swift */; };
		3D5A3CD6260130D100691C4B /* Map.storyboard in Resources */ = {isa = PBXBuildFile; fileRef = 3D5A3CD5260130D100691C4B /* Map.storyboard */; };
		3D5A3CD9260130DD00691C4B /* MapVC.swift in Sources */ = {isa = PBXBuildFile; fileRef = 3D5A3CD8260130DD00691C4B /* MapVC.swift */; };
		3DC7D9D525FFFFD9008F1946 /* AppDelegate.swift in Sources */ = {isa = PBXBuildFile; fileRef = 3DC7D9D425FFFFD9008F1946 /* AppDelegate.swift */; };
		3DC7D9D725FFFFD9008F1946 /* SceneDelegate.swift in Sources */ = {isa = PBXBuildFile; fileRef = 3DC7D9D625FFFFD9008F1946 /* SceneDelegate.swift */; };
		3DC7D9D925FFFFD9008F1946 /* ViewController.swift in Sources */ = {isa = PBXBuildFile; fileRef = 3DC7D9D825FFFFD9008F1946 /* ViewController.swift */; };
		3DC7D9DC25FFFFD9008F1946 /* Main.storyboard in Resources */ = {isa = PBXBuildFile; fileRef = 3DC7D9DA25FFFFD9008F1946 /* Main.storyboard */; };
		3DC7D9DE25FFFFD9008F1946 /* Assets.xcassets in Resources */ = {isa = PBXBuildFile; fileRef = 3DC7D9DD25FFFFD9008F1946 /* Assets.xcassets */; };
		3DC7D9E125FFFFD9008F1946 /* LaunchScreen.storyboard in Resources */ = {isa = PBXBuildFile; fileRef = 3DC7D9DF25FFFFD9008F1946 /* LaunchScreen.storyboard */; };
		3DC7D9EF260000AC008F1946 /* FirstLaunch.storyboard in Resources */ = {isa = PBXBuildFile; fileRef = 3DC7D9EE260000AC008F1946 /* FirstLaunch.storyboard */; };
		3DC7D9F22600013E008F1946 /* FirstLaunchVC.swift in Sources */ = {isa = PBXBuildFile; fileRef = 3DC7D9F12600013E008F1946 /* FirstLaunchVC.swift */; };
		3DC7D9F62600016F008F1946 /* PresentationBase.swift in Sources */ = {isa = PBXBuildFile; fileRef = 3DC7D9F52600016F008F1946 /* PresentationBase.swift */; };
		3DC7D9FA260001F6008F1946 /* FirstLaunchPresenter.swift in Sources */ = {isa = PBXBuildFile; fileRef = 3DC7D9F9260001F6008F1946 /* FirstLaunchPresenter.swift */; };
		3DC7D9FD26000246008F1946 /* FirstLaunchAssembly.swift in Sources */ = {isa = PBXBuildFile; fileRef = 3DC7D9FC26000246008F1946 /* FirstLaunchAssembly.swift */; };
/* End PBXBuildFile section */

/* Begin PBXFileReference section */
		3D5A3CBD260122F000691C4B /* AppCoordinator.swift */ = {isa = PBXFileReference; lastKnownFileType = sourcecode.swift; path = AppCoordinator.swift; sourceTree = "<group>"; };
		3D5A3CC12601255900691C4B /* FirstLaunchService.swift */ = {isa = PBXFileReference; lastKnownFileType = sourcecode.swift; path = FirstLaunchService.swift; sourceTree = "<group>"; };
		3D5A3CC82601297700691C4B /* Main.storyboard */ = {isa = PBXFileReference; lastKnownFileType = file.storyboard; path = Main.storyboard; sourceTree = "<group>"; };
		3D5A3CCF26012F6300691C4B /* MainVC.swift */ = {isa = PBXFileReference; lastKnownFileType = sourcecode.swift; path = MainVC.swift; sourceTree = "<group>"; };
		3D5A3CD5260130D100691C4B /* Map.storyboard */ = {isa = PBXFileReference; lastKnownFileType = file.storyboard; path = Map.storyboard; sourceTree = "<group>"; };
		3D5A3CD8260130DD00691C4B /* MapVC.swift */ = {isa = PBXFileReference; lastKnownFileType = sourcecode.swift; path = MapVC.swift; sourceTree = "<group>"; };
		3DC7D9D125FFFFD9008F1946 /* FisherGeo.app */ = {isa = PBXFileReference; explicitFileType = wrapper.application; includeInIndex = 0; path = FisherGeo.app; sourceTree = BUILT_PRODUCTS_DIR; };
		3DC7D9D425FFFFD9008F1946 /* AppDelegate.swift */ = {isa = PBXFileReference; lastKnownFileType = sourcecode.swift; path = AppDelegate.swift; sourceTree = "<group>"; };
		3DC7D9D625FFFFD9008F1946 /* SceneDelegate.swift */ = {isa = PBXFileReference; lastKnownFileType = sourcecode.swift; path = SceneDelegate.swift; sourceTree = "<group>"; };
		3DC7D9D825FFFFD9008F1946 /* ViewController.swift */ = {isa = PBXFileReference; lastKnownFileType = sourcecode.swift; path = ViewController.swift; sourceTree = "<group>"; };
		3DC7D9DB25FFFFD9008F1946 /* Base */ = {isa = PBXFileReference; lastKnownFileType = file.storyboard; name = Base; path = Base.lproj/Main.storyboard; sourceTree = "<group>"; };
		3DC7D9DD25FFFFD9008F1946 /* Assets.xcassets */ = {isa = PBXFileReference; lastKnownFileType = folder.assetcatalog; path = Assets.xcassets; sourceTree = "<group>"; };
		3DC7D9E025FFFFD9008F1946 /* Base */ = {isa = PBXFileReference; lastKnownFileType = file.storyboard; name = Base; path = Base.lproj/LaunchScreen.storyboard; sourceTree = "<group>"; };
		3DC7D9E225FFFFD9008F1946 /* Info.plist */ = {isa = PBXFileReference; lastKnownFileType = text.plist.xml; path = Info.plist; sourceTree = "<group>"; };
		3DC7D9EE260000AC008F1946 /* FirstLaunch.storyboard */ = {isa = PBXFileReference; lastKnownFileType = file.storyboard; path = FirstLaunch.storyboard; sourceTree = "<group>"; };
		3DC7D9F12600013E008F1946 /* FirstLaunchVC.swift */ = {isa = PBXFileReference; lastKnownFileType = sourcecode.swift; path = FirstLaunchVC.swift; sourceTree = "<group>"; };
		3DC7D9F52600016F008F1946 /* PresentationBase.swift */ = {isa = PBXFileReference; lastKnownFileType = sourcecode.swift; path = PresentationBase.swift; sourceTree = "<group>"; };
		3DC7D9F9260001F6008F1946 /* FirstLaunchPresenter.swift */ = {isa = PBXFileReference; lastKnownFileType = sourcecode.swift; path = FirstLaunchPresenter.swift; sourceTree = "<group>"; };
		3DC7D9FC26000246008F1946 /* FirstLaunchAssembly.swift */ = {isa = PBXFileReference; lastKnownFileType = sourcecode.swift; path = FirstLaunchAssembly.swift; sourceTree = "<group>"; };
/* End PBXFileReference section */

/* Begin PBXFrameworksBuildPhase section */
		3DC7D9CE25FFFFD9008F1946 /* Frameworks */ = {
			isa = PBXFrameworksBuildPhase;
			buildActionMask = 2147483647;
			files = (
			);
			runOnlyForDeploymentPostprocessing = 0;
		};
/* End PBXFrameworksBuildPhase section */

/* Begin PBXGroup section */
		3D5A3CBC260122D700691C4B /* Coordinator */ = {
			isa = PBXGroup;
			children = (
				3D5A3CBD260122F000691C4B /* AppCoordinator.swift */,
			);
			path = Coordinator;
			sourceTree = "<group>";
		};
		3D5A3CC02601254600691C4B /* FirstLaunchService */ = {
			isa = PBXGroup;
			children = (
				3D5A3CC12601255900691C4B /* FirstLaunchService.swift */,
			);
			path = FirstLaunchService;
			sourceTree = "<group>";
		};
		3D5A3CC72601296700691C4B /* Main */ = {
			isa = PBXGroup;
			children = (
				3D5A3CCF26012F6300691C4B /* MainVC.swift */,
				3D5A3CC82601297700691C4B /* Main.storyboard */,
			);
			path = Main;
			sourceTree = "<group>";
		};
		3D5A3CD32601302400691C4B /* GoogleMapService */ = {
			isa = PBXGroup;
			children = (
			);
			path = GoogleMapService;
			sourceTree = "<group>";
		};
		3D5A3CD4260130C300691C4B /* Map */ = {
			isa = PBXGroup;
			children = (
				3D5A3CD8260130DD00691C4B /* MapVC.swift */,
				3D5A3CD5260130D100691C4B /* Map.storyboard */,
			);
			path = Map;
			sourceTree = "<group>";
		};
		3DC7D9C825FFFFD9008F1946 = {
			isa = PBXGroup;
			children = (
				3DC7D9D325FFFFD9008F1946 /* FisherGeo */,
				3DC7D9D225FFFFD9008F1946 /* Products */,
			);
			sourceTree = "<group>";
		};
		3DC7D9D225FFFFD9008F1946 /* Products */ = {
			isa = PBXGroup;
			children = (
				3DC7D9D125FFFFD9008F1946 /* FisherGeo.app */,
			);
			name = Products;
			sourceTree = "<group>";
		};
		3DC7D9D325FFFFD9008F1946 /* FisherGeo */ = {
			isa = PBXGroup;
			children = (
				3D5A3CBC260122D700691C4B /* Coordinator */,
				3DC7D9F426000160008F1946 /* MVPBase */,
				3DC7D9E925FFFFED008F1946 /* CoreLayer */,
				3DC7D9EA26000027008F1946 /* BussinessLayer */,
				3DC7D9EB2600002E008F1946 /* PresentationLayer */,
				3DC7D9DA25FFFFD9008F1946 /* Main.storyboard */,
				3DC7D9D825FFFFD9008F1946 /* ViewController.swift */,
				3DC7D9DD25FFFFD9008F1946 /* Assets.xcassets */,
				3DC7D9DF25FFFFD9008F1946 /* LaunchScreen.storyboard */,
				3DC7D9E225FFFFD9008F1946 /* Info.plist */,
			);
			path = FisherGeo;
			sourceTree = "<group>";
		};
		3DC7D9E925FFFFED008F1946 /* CoreLayer */ = {
			isa = PBXGroup;
			children = (
			);
			path = CoreLayer;
			sourceTree = "<group>";
		};
		3DC7D9EA26000027008F1946 /* BussinessLayer */ = {
			isa = PBXGroup;
			children = (
				3D5A3CD32601302400691C4B /* GoogleMapService */,
				3D5A3CC02601254600691C4B /* FirstLaunchService */,
			);
			path = BussinessLayer;
			sourceTree = "<group>";
		};
		3DC7D9EB2600002E008F1946 /* PresentationLayer */ = {
			isa = PBXGroup;
			children = (
				3D5A3CD4260130C300691C4B /* Map */,
				3D5A3CC72601296700691C4B /* Main */,
				3DC7D9EC26000048008F1946 /* FirstLaunch */,
			);
			path = PresentationLayer;
			sourceTree = "<group>";
		};
		3DC7D9EC26000048008F1946 /* FirstLaunch */ = {
			isa = PBXGroup;
			children = (
				3DC7D9FC26000246008F1946 /* FirstLaunchAssembly.swift */,
				3DC7D9F9260001F6008F1946 /* FirstLaunchPresenter.swift */,
				3DC7D9F12600013E008F1946 /* FirstLaunchVC.swift */,
				3DC7D9EE260000AC008F1946 /* FirstLaunch.storyboard */,
			);
			path = FirstLaunch;
			sourceTree = "<group>";
		};
		3DC7D9F426000160008F1946 /* MVPBase */ = {
			isa = PBXGroup;
			children = (
				3DC7D9D425FFFFD9008F1946 /* AppDelegate.swift */,
				3DC7D9D625FFFFD9008F1946 /* SceneDelegate.swift */,
				3DC7D9F52600016F008F1946 /* PresentationBase.swift */,
			);
			path = MVPBase;
			sourceTree = "<group>";
		};
/* End PBXGroup section */

/* Begin PBXNativeTarget section */
		3DC7D9D025FFFFD9008F1946 /* FisherGeo */ = {
			isa = PBXNativeTarget;
			buildConfigurationList = 3DC7D9E525FFFFD9008F1946 /* Build configuration list for PBXNativeTarget "FisherGeo" */;
			buildPhases = (
				3DC7D9CD25FFFFD9008F1946 /* Sources */,
				3DC7D9CE25FFFFD9008F1946 /* Frameworks */,
				3DC7D9CF25FFFFD9008F1946 /* Resources */,
			);
			buildRules = (
			);
			dependencies = (
			);
			name = FisherGeo;
			productName = FisherGeo;
			productReference = 3DC7D9D125FFFFD9008F1946 /* FisherGeo.app */;
			productType = "com.apple.product-type.application";
		};
/* End PBXNativeTarget section */

/* Begin PBXProject section */
		3DC7D9C925FFFFD9008F1946 /* Project object */ = {
			isa = PBXProject;
			attributes = {
				LastSwiftUpdateCheck = 1240;
				LastUpgradeCheck = 1240;
				TargetAttributes = {
					3DC7D9D025FFFFD9008F1946 = {
						CreatedOnToolsVersion = 12.4;
					};
				};
			};
			buildConfigurationList = 3DC7D9CC25FFFFD9008F1946 /* Build configuration list for PBXProject "FisherGeo" */;
			compatibilityVersion = "Xcode 9.3";
			developmentRegion = en;
			hasScannedForEncodings = 0;
			knownRegions = (
				en,
				Base,
			);
			mainGroup = 3DC7D9C825FFFFD9008F1946;
			productRefGroup = 3DC7D9D225FFFFD9008F1946 /* Products */;
			projectDirPath = "";
			projectRoot = "";
			targets = (
				3DC7D9D025FFFFD9008F1946 /* FisherGeo */,
			);
		};
/* End PBXProject section */

/* Begin PBXResourcesBuildPhase section */
		3DC7D9CF25FFFFD9008F1946 /* Resources */ = {
			isa = PBXResourcesBuildPhase;
			buildActionMask = 2147483647;
			files = (
				3DC7D9EF260000AC008F1946 /* FirstLaunch.storyboard in Resources */,
				3D5A3CC92601297700691C4B /* Main.storyboard in Resources */,
				3DC7D9E125FFFFD9008F1946 /* LaunchScreen.storyboard in Resources */,
				3DC7D9DE25FFFFD9008F1946 /* Assets.xcassets in Resources */,
				3DC7D9DC25FFFFD9008F1946 /* Main.storyboard in Resources */,
				3D5A3CD6260130D100691C4B /* Map.storyboard in Resources */,
			);
			runOnlyForDeploymentPostprocessing = 0;
		};
/* End PBXResourcesBuildPhase section */

/* Begin PBXSourcesBuildPhase section */
		3DC7D9CD25FFFFD9008F1946 /* Sources */ = {
			isa = PBXSourcesBuildPhase;
			buildActionMask = 2147483647;
			files = (
				3DC7D9FA260001F6008F1946 /* FirstLaunchPresenter.swift in Sources */,
				3D5A3CD026012F6300691C4B /* MainVC.swift in Sources */,
				3DC7D9D925FFFFD9008F1946 /* ViewController.swift in Sources */,
				3DC7D9F62600016F008F1946 /* PresentationBase.swift in Sources */,
				3DC7D9D525FFFFD9008F1946 /* AppDelegate.swift in Sources */,
				3D5A3CD9260130DD00691C4B /* MapVC.swift in Sources */,
				3D5A3CC22601255900691C4B /* FirstLaunchService.swift in Sources */,
				3DC7D9F22600013E008F1946 /* FirstLaunchVC.swift in Sources */,
				3D5A3CBE260122F000691C4B /* AppCoordinator.swift in Sources */,
				3DC7D9D725FFFFD9008F1946 /* SceneDelegate.swift in Sources */,
				3DC7D9FD26000246008F1946 /* FirstLaunchAssembly.swift in Sources */,
			);
			runOnlyForDeploymentPostprocessing = 0;
		};
/* End PBXSourcesBuildPhase section */

/* Begin PBXVariantGroup section */
		3DC7D9DA25FFFFD9008F1946 /* Main.storyboard */ = {
			isa = PBXVariantGroup;
			children = (
				3DC7D9DB25FFFFD9008F1946 /* Base */,
			);
			name = Main.storyboard;
			sourceTree = "<group>";
		};
		3DC7D9DF25FFFFD9008F1946 /* LaunchScreen.storyboard */ = {
			isa = PBXVariantGroup;
			children = (
				3DC7D9E025FFFFD9008F1946 /* Base */,
			);
			name = LaunchScreen.storyboard;
			sourceTree = "<group>";
		};
/* End PBXVariantGroup section */

/* Begin XCBuildConfiguration section */
		3DC7D9E325FFFFD9008F1946 /* Debug */ = {
			isa = XCBuildConfiguration;
			buildSettings = {
				ALWAYS_SEARCH_USER_PATHS = NO;
				CLANG_ANALYZER_NONNULL = YES;
				CLANG_ANALYZER_NUMBER_OBJECT_CONVERSION = YES_AGGRESSIVE;
				CLANG_CXX_LANGUAGE_STANDARD = "gnu++14";
				CLANG_CXX_LIBRARY = "libc++";
				CLANG_ENABLE_MODULES = YES;
				CLANG_ENABLE_OBJC_ARC = YES;
				CLANG_ENABLE_OBJC_WEAK = YES;
				CLANG_WARN_BLOCK_CAPTURE_AUTORELEASING = YES;
				CLANG_WARN_BOOL_CONVERSION = YES;
				CLANG_WARN_COMMA = YES;
				CLANG_WARN_CONSTANT_CONVERSION = YES;
				CLANG_WARN_DEPRECATED_OBJC_IMPLEMENTATIONS = YES;
				CLANG_WARN_DIRECT_OBJC_ISA_USAGE = YES_ERROR;
				CLANG_WARN_DOCUMENTATION_COMMENTS = YES;
				CLANG_WARN_EMPTY_BODY = YES;
				CLANG_WARN_ENUM_CONVERSION = YES;
				CLANG_WARN_INFINITE_RECURSION = YES;
				CLANG_WARN_INT_CONVERSION = YES;
				CLANG_WARN_NON_LITERAL_NULL_CONVERSION = YES;
				CLANG_WARN_OBJC_IMPLICIT_RETAIN_SELF = YES;
				CLANG_WARN_OBJC_LITERAL_CONVERSION = YES;
				CLANG_WARN_OBJC_ROOT_CLASS = YES_ERROR;
				CLANG_WARN_QUOTED_INCLUDE_IN_FRAMEWORK_HEADER = YES;
				CLANG_WARN_RANGE_LOOP_ANALYSIS = YES;
				CLANG_WARN_STRICT_PROTOTYPES = YES;
				CLANG_WARN_SUSPICIOUS_MOVE = YES;
				CLANG_WARN_UNGUARDED_AVAILABILITY = YES_AGGRESSIVE;
				CLANG_WARN_UNREACHABLE_CODE = YES;
				CLANG_WARN__DUPLICATE_METHOD_MATCH = YES;
				COPY_PHASE_STRIP = NO;
				DEBUG_INFORMATION_FORMAT = dwarf;
				ENABLE_STRICT_OBJC_MSGSEND = YES;
				ENABLE_TESTABILITY = YES;
				GCC_C_LANGUAGE_STANDARD = gnu11;
				GCC_DYNAMIC_NO_PIC = NO;
				GCC_NO_COMMON_BLOCKS = YES;
				GCC_OPTIMIZATION_LEVEL = 0;
				GCC_PREPROCESSOR_DEFINITIONS = (
					"DEBUG=1",
					"$(inherited)",
				);
				GCC_WARN_64_TO_32_BIT_CONVERSION = YES;
				GCC_WARN_ABOUT_RETURN_TYPE = YES_ERROR;
				GCC_WARN_UNDECLARED_SELECTOR = YES;
				GCC_WARN_UNINITIALIZED_AUTOS = YES_AGGRESSIVE;
				GCC_WARN_UNUSED_FUNCTION = YES;
				GCC_WARN_UNUSED_VARIABLE = YES;
				IPHONEOS_DEPLOYMENT_TARGET = 14.4;
				MTL_ENABLE_DEBUG_INFO = INCLUDE_SOURCE;
				MTL_FAST_MATH = YES;
				ONLY_ACTIVE_ARCH = YES;
				SDKROOT = iphoneos;
				SWIFT_ACTIVE_COMPILATION_CONDITIONS = DEBUG;
				SWIFT_OPTIMIZATION_LEVEL = "-Onone";
			};
			name = Debug;
		};
		3DC7D9E425FFFFD9008F1946 /* Release */ = {
			isa = XCBuildConfiguration;
			buildSettings = {
				ALWAYS_SEARCH_USER_PATHS = NO;
				CLANG_ANALYZER_NONNULL = YES;
				CLANG_ANALYZER_NUMBER_OBJECT_CONVERSION = YES_AGGRESSIVE;
				CLANG_CXX_LANGUAGE_STANDARD = "gnu++14";
				CLANG_CXX_LIBRARY = "libc++";
				CLANG_ENABLE_MODULES = YES;
				CLANG_ENABLE_OBJC_ARC = YES;
				CLANG_ENABLE_OBJC_WEAK = YES;
				CLANG_WARN_BLOCK_CAPTURE_AUTORELEASING = YES;
				CLANG_WARN_BOOL_CONVERSION = YES;
				CLANG_WARN_COMMA = YES;
				CLANG_WARN_CONSTANT_CONVERSION = YES;
				CLANG_WARN_DEPRECATED_OBJC_IMPLEMENTATIONS = YES;
				CLANG_WARN_DIRECT_OBJC_ISA_USAGE = YES_ERROR;
				CLANG_WARN_DOCUMENTATION_COMMENTS = YES;
				CLANG_WARN_EMPTY_BODY = YES;
				CLANG_WARN_ENUM_CONVERSION = YES;
				CLANG_WARN_INFINITE_RECURSION = YES;
				CLANG_WARN_INT_CONVERSION = YES;
				CLANG_WARN_NON_LITERAL_NULL_CONVERSION = YES;
				CLANG_WARN_OBJC_IMPLICIT_RETAIN_SELF = YES;
				CLANG_WARN_OBJC_LITERAL_CONVERSION = YES;
				CLANG_WARN_OBJC_ROOT_CLASS = YES_ERROR;
				CLANG_WARN_QUOTED_INCLUDE_IN_FRAMEWORK_HEADER = YES;
				CLANG_WARN_RANGE_LOOP_ANALYSIS = YES;
				CLANG_WARN_STRICT_PROTOTYPES = YES;
				CLANG_WARN_SUSPICIOUS_MOVE = YES;
				CLANG_WARN_UNGUARDED_AVAILABILITY = YES_AGGRESSIVE;
				CLANG_WARN_UNREACHABLE_CODE = YES;
				CLANG_WARN__DUPLICATE_METHOD_MATCH = YES;
				COPY_PHASE_STRIP = NO;
				DEBUG_INFORMATION_FORMAT = "dwarf-with-dsym";
				ENABLE_NS_ASSERTIONS = NO;
				ENABLE_STRICT_OBJC_MSGSEND = YES;
				GCC_C_LANGUAGE_STANDARD = gnu11;
				GCC_NO_COMMON_BLOCKS = YES;
				GCC_WARN_64_TO_32_BIT_CONVERSION = YES;
				GCC_WARN_ABOUT_RETURN_TYPE = YES_ERROR;
				GCC_WARN_UNDECLARED_SELECTOR = YES;
				GCC_WARN_UNINITIALIZED_AUTOS = YES_AGGRESSIVE;
				GCC_WARN_UNUSED_FUNCTION = YES;
				GCC_WARN_UNUSED_VARIABLE = YES;
				IPHONEOS_DEPLOYMENT_TARGET = 14.4;
				MTL_ENABLE_DEBUG_INFO = NO;
				MTL_FAST_MATH = YES;
				SDKROOT = iphoneos;
				SWIFT_COMPILATION_MODE = wholemodule;
				SWIFT_OPTIMIZATION_LEVEL = "-O";
				VALIDATE_PRODUCT = YES;
			};
			name = Release;
		};
		3DC7D9E625FFFFD9008F1946 /* Debug */ = {
			isa = XCBuildConfiguration;
			buildSettings = {
				ASSETCATALOG_COMPILER_APPICON_NAME = AppIcon;
				ASSETCATALOG_COMPILER_GLOBAL_ACCENT_COLOR_NAME = AccentColor;
				CODE_SIGN_STYLE = Automatic;
				INFOPLIST_FILE = FisherGeo/Info.plist;
				LD_RUNPATH_SEARCH_PATHS = (
					"$(inherited)",
					"@executable_path/Frameworks",
				);
				PRODUCT_BUNDLE_IDENTIFIER = astuapps.FisherGeo;
				PRODUCT_NAME = "$(TARGET_NAME)";
				SWIFT_VERSION = 5.0;
				TARGETED_DEVICE_FAMILY = "1,2";
			};
			name = Debug;
		};
		3DC7D9E725FFFFD9008F1946 /* Release */ = {
			isa = XCBuildConfiguration;
			buildSettings = {
				ASSETCATALOG_COMPILER_APPICON_NAME = AppIcon;
				ASSETCATALOG_COMPILER_GLOBAL_ACCENT_COLOR_NAME = AccentColor;
				CODE_SIGN_STYLE = Automatic;
				INFOPLIST_FILE = FisherGeo/Info.plist;
				LD_RUNPATH_SEARCH_PATHS = (
					"$(inherited)",
					"@executable_path/Frameworks",
				);
				PRODUCT_BUNDLE_IDENTIFIER = astuapps.FisherGeo;
				PRODUCT_NAME = "$(TARGET_NAME)";
				SWIFT_VERSION = 5.0;
				TARGETED_DEVICE_FAMILY = "1,2";
			};
			name = Release;
		};
/* End XCBuildConfiguration section */

/* Begin XCConfigurationList section */
		3DC7D9CC25FFFFD9008F1946 /* Build configuration list for PBXProject "FisherGeo" */ = {
			isa = XCConfigurationList;
			buildConfigurations = (
				3DC7D9E325FFFFD9008F1946 /* Debug */,
				3DC7D9E425FFFFD9008F1946 /* Release */,
			);
			defaultConfigurationIsVisible = 0;
			defaultConfigurationName = Release;
		};
		3DC7D9E525FFFFD9008F1946 /* Build configuration list for PBXNativeTarget "FisherGeo" */ = {
			isa = XCConfigurationList;
			buildConfigurations = (
				3DC7D9E625FFFFD9008F1946 /* Debug */,
				3DC7D9E725FFFFD9008F1946 /* Release */,
			);
			defaultConfigurationIsVisible = 0;
			defaultConfigurationName = Release;
		};
/* End XCConfigurationList section */
	};
	rootObject = 3DC7D9C925FFFFD9008F1946 /* Project object */;
}
